// !$*UTF8*$!
{
	archiveVersion = 1;
	classes = {
	};
	objectVersion = 46;
	objects = {

/* Begin PBXBuildFile section */
		93A113101972CCE70003CFA0 /* AppDelegate.swift in Sources */ = {isa = PBXBuildFile; fileRef = 93A1130F1972CCE70003CFA0 /* AppDelegate.swift */; };
		93A113121972CCE70003CFA0 /* ViewController.swift in Sources */ = {isa = PBXBuildFile; fileRef = 93A113111972CCE70003CFA0 /* ViewController.swift */; };
		93A113151972CCE70003CFA0 /* Main.storyboard in Resources */ = {isa = PBXBuildFile; fileRef = 93A113131972CCE70003CFA0 /* Main.storyboard */; };
		93A113171972CCE70003CFA0 /* Images.xcassets in Resources */ = {isa = PBXBuildFile; fileRef = 93A113161972CCE70003CFA0 /* Images.xcassets */; };
		93A113231972CCE70003CFA0 /* iphoneconsumerTests.swift in Sources */ = {isa = PBXBuildFile; fileRef = 93A113221972CCE70003CFA0 /* iphoneconsumerTests.swift */; };
		93A1132D1972D38A0003CFA0 /* MapKit.framework in Frameworks */ = {isa = PBXBuildFile; fileRef = 93A1132C1972D38A0003CFA0 /* MapKit.framework */; };
		93A1132F1972D3900003CFA0 /* CoreLocation.framework in Frameworks */ = {isa = PBXBuildFile; fileRef = 93A1132E1972D3900003CFA0 /* CoreLocation.framework */; };
		93A113311972D3DA0003CFA0 /* MapViewController.swift in Sources */ = {isa = PBXBuildFile; fileRef = 93A113301972D3DA0003CFA0 /* MapViewController.swift */; };
		93A113331972D8F50003CFA0 /* MapViewAnnotation.swift in Sources */ = {isa = PBXBuildFile; fileRef = 93A113321972D8F50003CFA0 /* MapViewAnnotation.swift */; };
		93A113351972DDC70003CFA0 /* photo.JPG in Resources */ = {isa = PBXBuildFile; fileRef = 93A113341972DDC70003CFA0 /* photo.JPG */; };
		93A113371972DFEF0003CFA0 /* ChooseSupplierTypeViewController.swift in Sources */ = {isa = PBXBuildFile; fileRef = 93A113361972DFEF0003CFA0 /* ChooseSupplierTypeViewController.swift */; };
/* End PBXBuildFile section */

/* Begin PBXContainerItemProxy section */
		93A1131D1972CCE70003CFA0 /* PBXContainerItemProxy */ = {
			isa = PBXContainerItemProxy;
			containerPortal = 93A113021972CCE70003CFA0 /* Project object */;
			proxyType = 1;
			remoteGlobalIDString = 93A113091972CCE70003CFA0;
			remoteInfo = iphoneconsumer;
		};
/* End PBXContainerItemProxy section */

/* Begin PBXFileReference section */
		93A1130A1972CCE70003CFA0 /* iphoneconsumer.app */ = {isa = PBXFileReference; explicitFileType = wrapper.application; includeInIndex = 0; path = iphoneconsumer.app; sourceTree = BUILT_PRODUCTS_DIR; };
		93A1130E1972CCE70003CFA0 /* Info.plist */ = {isa = PBXFileReference; lastKnownFileType = text.plist.xml; path = Info.plist; sourceTree = "<group>"; };
		93A1130F1972CCE70003CFA0 /* AppDelegate.swift */ = {isa = PBXFileReference; lastKnownFileType = sourcecode.swift; path = AppDelegate.swift; sourceTree = "<group>"; };
		93A113111972CCE70003CFA0 /* ViewController.swift */ = {isa = PBXFileReference; lastKnownFileType = sourcecode.swift; path = ViewController.swift; sourceTree = "<group>"; };
		93A113141972CCE70003CFA0 /* Base */ = {isa = PBXFileReference; lastKnownFileType = file.storyboard; name = Base; path = Base.lproj/Main.storyboard; sourceTree = "<group>"; };
		93A113161972CCE70003CFA0 /* Images.xcassets */ = {isa = PBXFileReference; lastKnownFileType = folder.assetcatalog; path = Images.xcassets; sourceTree = "<group>"; };
		93A1131C1972CCE70003CFA0 /* iphoneconsumerTests.xctest */ = {isa = PBXFileReference; explicitFileType = wrapper.cfbundle; includeInIndex = 0; path = iphoneconsumerTests.xctest; sourceTree = BUILT_PRODUCTS_DIR; };
		93A113211972CCE70003CFA0 /* Info.plist */ = {isa = PBXFileReference; lastKnownFileType = text.plist.xml; path = Info.plist; sourceTree = "<group>"; };
		93A113221972CCE70003CFA0 /* iphoneconsumerTests.swift */ = {isa = PBXFileReference; lastKnownFileType = sourcecode.swift; path = iphoneconsumerTests.swift; sourceTree = "<group>"; };
		93A1132C1972D38A0003CFA0 /* MapKit.framework */ = {isa = PBXFileReference; lastKnownFileType = wrapper.framework; name = MapKit.framework; path = System/Library/Frameworks/MapKit.framework; sourceTree = SDKROOT; };
		93A1132E1972D3900003CFA0 /* CoreLocation.framework */ = {isa = PBXFileReference; lastKnownFileType = wrapper.framework; name = CoreLocation.framework; path = System/Library/Frameworks/CoreLocation.framework; sourceTree = SDKROOT; };
		93A113301972D3DA0003CFA0 /* MapViewController.swift */ = {isa = PBXFileReference; fileEncoding = 4; lastKnownFileType = sourcecode.swift; path = MapViewController.swift; sourceTree = "<group>"; };
		93A113321972D8F50003CFA0 /* MapViewAnnotation.swift */ = {isa = PBXFileReference; fileEncoding = 4; lastKnownFileType = sourcecode.swift; name = MapViewAnnotation.swift; path = ../MapViewAnnotation.swift; sourceTree = "<group>"; };
		93A113341972DDC70003CFA0 /* photo.JPG */ = {isa = PBXFileReference; lastKnownFileType = image.jpeg; name = photo.JPG; path = "../../../../../Volumes/Macintosh HD 2/Dropbox/Personal/photo.JPG"; sourceTree = "<group>"; };
		93A113361972DFEF0003CFA0 /* ChooseSupplierTypeViewController.swift */ = {isa = PBXFileReference; fileEncoding = 4; lastKnownFileType = sourcecode.swift; path = ChooseSupplierTypeViewController.swift; sourceTree = "<group>"; };
/* End PBXFileReference section */

/* Begin PBXFrameworksBuildPhase section */
		93A113071972CCE70003CFA0 /* Frameworks */ = {
			isa = PBXFrameworksBuildPhase;
			buildActionMask = 2147483647;
			files = (
				93A1132F1972D3900003CFA0 /* CoreLocation.framework in Frameworks */,
				93A1132D1972D38A0003CFA0 /* MapKit.framework in Frameworks */,
			);
			runOnlyForDeploymentPostprocessing = 0;
		};
		93A113191972CCE70003CFA0 /* Frameworks */ = {
			isa = PBXFrameworksBuildPhase;
			buildActionMask = 2147483647;
			files = (
			);
			runOnlyForDeploymentPostprocessing = 0;
		};
/* End PBXFrameworksBuildPhase section */

/* Begin PBXGroup section */
		93A113011972CCE70003CFA0 = {
			isa = PBXGroup;
			children = (
				93A1132E1972D3900003CFA0 /* CoreLocation.framework */,
				93A1132C1972D38A0003CFA0 /* MapKit.framework */,
				93A1130C1972CCE70003CFA0 /* iphoneconsumer */,
				93A1131F1972CCE70003CFA0 /* iphoneconsumerTests */,
				93A1130B1972CCE70003CFA0 /* Products */,
			);
			sourceTree = "<group>";
		};
		93A1130B1972CCE70003CFA0 /* Products */ = {
			isa = PBXGroup;
			children = (
				93A1130A1972CCE70003CFA0 /* iphoneconsumer.app */,
				93A1131C1972CCE70003CFA0 /* iphoneconsumerTests.xctest */,
			);
			name = Products;
			sourceTree = "<group>";
		};
		93A1130C1972CCE70003CFA0 /* iphoneconsumer */ = {
			isa = PBXGroup;
			children = (
				93A113321972D8F50003CFA0 /* MapViewAnnotation.swift */,
				93A1130F1972CCE70003CFA0 /* AppDelegate.swift */,
				93A113111972CCE70003CFA0 /* ViewController.swift */,
				93A113131972CCE70003CFA0 /* Main.storyboard */,
				93A113341972DDC70003CFA0 /* photo.JPG */,
				93A113161972CCE70003CFA0 /* Images.xcassets */,
				93A1130D1972CCE70003CFA0 /* Supporting Files */,
				93A113301972D3DA0003CFA0 /* MapViewController.swift */,
				93A113361972DFEF0003CFA0 /* ChooseSupplierTypeViewController.swift */,
			);
			path = iphoneconsumer;
			sourceTree = "<group>";
		};
		93A1130D1972CCE70003CFA0 /* Supporting Files */ = {
			isa = PBXGroup;
			children = (
				93A1130E1972CCE70003CFA0 /* Info.plist */,
			);
			name = "Supporting Files";
			sourceTree = "<group>";
		};
		93A1131F1972CCE70003CFA0 /* iphoneconsumerTests */ = {
			isa = PBXGroup;
			children = (
				93A113221972CCE70003CFA0 /* iphoneconsumerTests.swift */,
				93A113201972CCE70003CFA0 /* Supporting Files */,
			);
			path = iphoneconsumerTests;
			sourceTree = "<group>";
		};
		93A113201972CCE70003CFA0 /* Supporting Files */ = {
			isa = PBXGroup;
			children = (
				93A113211972CCE70003CFA0 /* Info.plist */,
			);
			name = "Supporting Files";
			sourceTree = "<group>";
		};
/* End PBXGroup section */

/* Begin PBXNativeTarget section */
		93A113091972CCE70003CFA0 /* iphoneconsumer */ = {
			isa = PBXNativeTarget;
			buildConfigurationList = 93A113261972CCE70003CFA0 /* Build configuration list for PBXNativeTarget "iphoneconsumer" */;
			buildPhases = (
				93A113061972CCE70003CFA0 /* Sources */,
				93A113071972CCE70003CFA0 /* Frameworks */,
				93A113081972CCE70003CFA0 /* Resources */,
			);
			buildRules = (
			);
			dependencies = (
			);
			name = iphoneconsumer;
			productName = iphoneconsumer;
			productReference = 93A1130A1972CCE70003CFA0 /* iphoneconsumer.app */;
			productType = "com.apple.product-type.application";
		};
		93A1131B1972CCE70003CFA0 /* iphoneconsumerTests */ = {
			isa = PBXNativeTarget;
			buildConfigurationList = 93A113291972CCE70003CFA0 /* Build configuration list for PBXNativeTarget "iphoneconsumerTests" */;
			buildPhases = (
				93A113181972CCE70003CFA0 /* Sources */,
				93A113191972CCE70003CFA0 /* Frameworks */,
				93A1131A1972CCE70003CFA0 /* Resources */,
			);
			buildRules = (
			);
			dependencies = (
				93A1131E1972CCE70003CFA0 /* PBXTargetDependency */,
			);
			name = iphoneconsumerTests;
			productName = iphoneconsumerTests;
			productReference = 93A1131C1972CCE70003CFA0 /* iphoneconsumerTests.xctest */;
			productType = "com.apple.product-type.bundle.unit-test";
		};
/* End PBXNativeTarget section */

/* Begin PBXProject section */
		93A113021972CCE70003CFA0 /* Project object */ = {
			isa = PBXProject;
			attributes = {
				LastUpgradeCheck = 0600;
				ORGANIZATIONNAME = "James Wood";
				TargetAttributes = {
					93A113091972CCE70003CFA0 = {
						CreatedOnToolsVersion = 6.0;
					};
					93A1131B1972CCE70003CFA0 = {
						CreatedOnToolsVersion = 6.0;
						TestTargetID = 93A113091972CCE70003CFA0;
					};
				};
			};
			buildConfigurationList = 93A113051972CCE70003CFA0 /* Build configuration list for PBXProject "iphoneconsumer" */;
			compatibilityVersion = "Xcode 3.2";
			developmentRegion = English;
			hasScannedForEncodings = 0;
			knownRegions = (
				en,
				Base,
			);
			mainGroup = 93A113011972CCE70003CFA0;
			productRefGroup = 93A1130B1972CCE70003CFA0 /* Products */;
			projectDirPath = "";
			projectRoot = "";
			targets = (
				93A113091972CCE70003CFA0 /* iphoneconsumer */,
				93A1131B1972CCE70003CFA0 /* iphoneconsumerTests */,
			);
		};
/* End PBXProject section */

/* Begin PBXResourcesBuildPhase section */
		93A113081972CCE70003CFA0 /* Resources */ = {
			isa = PBXResourcesBuildPhase;
			buildActionMask = 2147483647;
			files = (
				93A113151972CCE70003CFA0 /* Main.storyboard in Resources */,
				93A113171972CCE70003CFA0 /* Images.xcassets in Resources */,
				93A113351972DDC70003CFA0 /* photo.JPG in Resources */,
			);
			runOnlyForDeploymentPostprocessing = 0;
		};
		93A1131A1972CCE70003CFA0 /* Resources */ = {
			isa = PBXResourcesBuildPhase;
			buildActionMask = 2147483647;
			files = (
			);
			runOnlyForDeploymentPostprocessing = 0;
		};
/* End PBXResourcesBuildPhase section */

/* Begin PBXSourcesBuildPhase section */
		93A113061972CCE70003CFA0 /* Sources */ = {
			isa = PBXSourcesBuildPhase;
			buildActionMask = 2147483647;
			files = (
				93A113121972CCE70003CFA0 /* ViewController.swift in Sources */,
				93A113311972D3DA0003CFA0 /* MapViewController.swift in Sources */,
				93A113331972D8F50003CFA0 /* MapViewAnnotation.swift in Sources */,
				93A113371972DFEF0003CFA0 /* ChooseSupplierTypeViewController.swift in Sources */,
				93A113101972CCE70003CFA0 /* AppDelegate.swift in Sources */,
			);
			runOnlyForDeploymentPostprocessing = 0;
		};
		93A113181972CCE70003CFA0 /* Sources */ = {
			isa = PBXSourcesBuildPhase;
			buildActionMask = 2147483647;
			files = (
				93A113231972CCE70003CFA0 /* iphoneconsumerTests.swift in Sources */,
			);
			runOnlyForDeploymentPostprocessing = 0;
		};
/* End PBXSourcesBuildPhase section */

/* Begin PBXTargetDependency section */
		93A1131E1972CCE70003CFA0 /* PBXTargetDependency */ = {
			isa = PBXTargetDependency;
			target = 93A113091972CCE70003CFA0 /* iphoneconsumer */;
			targetProxy = 93A1131D1972CCE70003CFA0 /* PBXContainerItemProxy */;
		};
/* End PBXTargetDependency section */

/* Begin PBXVariantGroup section */
		93A113131972CCE70003CFA0 /* Main.storyboard */ = {
			isa = PBXVariantGroup;
			children = (
				93A113141972CCE70003CFA0 /* Base */,
			);
			name = Main.storyboard;
			sourceTree = "<group>";
		};
/* End PBXVariantGroup section */

/* Begin XCBuildConfiguration section */
		93A113241972CCE70003CFA0 /* Debug */ = {
			isa = XCBuildConfiguration;
			buildSettings = {
				ALWAYS_SEARCH_USER_PATHS = NO;
				CLANG_CXX_LANGUAGE_STANDARD = "gnu++0x";
				CLANG_CXX_LIBRARY = "libc++";
				CLANG_ENABLE_MODULES = YES;
				CLANG_ENABLE_OBJC_ARC = YES;
				CLANG_WARN_BOOL_CONVERSION = YES;
				CLANG_WARN_CONSTANT_CONVERSION = YES;
				CLANG_WARN_DIRECT_OBJC_ISA_USAGE = YES_ERROR;
				CLANG_WARN_EMPTY_BODY = YES;
				CLANG_WARN_ENUM_CONVERSION = YES;
				CLANG_WARN_INT_CONVERSION = YES;
				CLANG_WARN_OBJC_ROOT_CLASS = YES_ERROR;
				CLANG_WARN_UNREACHABLE_CODE = YES;
				CLANG_WARN__DUPLICATE_METHOD_MATCH = YES;
				"CODE_SIGN_IDENTITY[sdk=iphoneos*]" = "iPhone Developer";
				COPY_PHASE_STRIP = NO;
				ENABLE_STRICT_OBJC_MSGSEND = YES;
				GCC_C_LANGUAGE_STANDARD = gnu99;
				GCC_DYNAMIC_NO_PIC = NO;
				GCC_OPTIMIZATION_LEVEL = 0;
				GCC_PREPROCESSOR_DEFINITIONS = (
					"DEBUG=1",
					"$(inherited)",
				);
				GCC_SYMBOLS_PRIVATE_EXTERN = NO;
				GCC_WARN_64_TO_32_BIT_CONVERSION = YES;
				GCC_WARN_ABOUT_RETURN_TYPE = YES_ERROR;
				GCC_WARN_UNDECLARED_SELECTOR = YES;
				GCC_WARN_UNINITIALIZED_AUTOS = YES_AGGRESSIVE;
				GCC_WARN_UNUSED_FUNCTION = YES;
				GCC_WARN_UNUSED_VARIABLE = YES;
				IPHONEOS_DEPLOYMENT_TARGET = 8.0;
				MTL_ENABLE_DEBUG_INFO = YES;
				ONLY_ACTIVE_ARCH = YES;
				SDKROOT = iphoneos;
				SWIFT_OPTIMIZATION_LEVEL = "-Onone";
			};
			name = Debug;
		};
		93A113251972CCE70003CFA0 /* Release */ = {
			isa = XCBuildConfiguration;
			buildSettings = {
				ALWAYS_SEARCH_USER_PATHS = NO;
				CLANG_CXX_LANGUAGE_STANDARD = "gnu++0x";
				CLANG_CXX_LIBRARY = "libc++";
				CLANG_ENABLE_MODULES = YES;
				CLANG_ENABLE_OBJC_ARC = YES;
				CLANG_WARN_BOOL_CONVERSION = YES;
				CLANG_WARN_CONSTANT_CONVERSION = YES;
				CLANG_WARN_DIRECT_OBJC_ISA_USAGE = YES_ERROR;
				CLANG_WARN_EMPTY_BODY = YES;
				CLANG_WARN_ENUM_CONVERSION = YES;
				CLANG_WARN_INT_CONVERSION = YES;
				CLANG_WARN_OBJC_ROOT_CLASS = YES_ERROR;
				CLANG_WARN_UNREACHABLE_CODE = YES;
				CLANG_WARN__DUPLICATE_METHOD_MATCH = YES;
				"CODE_SIGN_IDENTITY[sdk=iphoneos*]" = "iPhone Developer";
				COPY_PHASE_STRIP = YES;
				ENABLE_NS_ASSERTIONS = NO;
				ENABLE_STRICT_OBJC_MSGSEND = YES;
				GCC_C_LANGUAGE_STANDARD = gnu99;
				GCC_WARN_64_TO_32_BIT_CONVERSION = YES;
				GCC_WARN_ABOUT_RETURN_TYPE = YES_ERROR;
				GCC_WARN_UNDECLARED_SELECTOR = YES;
				GCC_WARN_UNINITIALIZED_AUTOS = YES_AGGRESSIVE;
				GCC_WARN_UNUSED_FUNCTION = YES;
				GCC_WARN_UNUSED_VARIABLE = YES;
				IPHONEOS_DEPLOYMENT_TARGET = 8.0;
				MTL_ENABLE_DEBUG_INFO = NO;
				SDKROOT = iphoneos;
				VALIDATE_PRODUCT = YES;
			};
			name = Release;
		};
		93A113271972CCE70003CFA0 /* Debug */ = {
			isa = XCBuildConfiguration;
			buildSettings = {
				ASSETCATALOG_COMPILER_APPICON_NAME = AppIcon;
				ASSETCATALOG_COMPILER_LAUNCHIMAGE_NAME = LaunchImage;
				CODE_SIGN_IDENTITY = "iPhone Developer: James WOOD (362L7ZMYVA)";
				"CODE_SIGN_IDENTITY[sdk=iphoneos*]" = "iPhone Developer: James WOOD (362L7ZMYVA)";
				INFOPLIST_FILE = iphoneconsumer/Info.plist;
				IPHONEOS_DEPLOYMENT_TARGET = 7.1;
				LD_RUNPATH_SEARCH_PATHS = "$(inherited) @executable_path/Frameworks";
				PRODUCT_NAME = "$(TARGET_NAME)";
			};
			name = Debug;
		};
		93A113281972CCE70003CFA0 /* Release */ = {
			isa = XCBuildConfiguration;
			buildSettings = {
				ASSETCATALOG_COMPILER_APPICON_NAME = AppIcon;
				ASSETCATALOG_COMPILER_LAUNCHIMAGE_NAME = LaunchImage;
				CODE_SIGN_IDENTITY = "iPhone Distribution: James WOOD (TQYB6VJLUN)";
				"CODE_SIGN_IDENTITY[sdk=iphoneos*]" = "iPhone Distribution: James WOOD (TQYB6VJLUN)";
				INFOPLIST_FILE = iphoneconsumer/Info.plist;
				IPHONEOS_DEPLOYMENT_TARGET = 7.1;
				LD_RUNPATH_SEARCH_PATHS = "$(inherited) @executable_path/Frameworks";
				PRODUCT_NAME = "$(TARGET_NAME)";
				PROVISIONING_PROFILE = "0C336E14-BDB1-4745-923A-AE4A58083AC8";
			};
			name = Release;
		};
		93A1132A1972CCE70003CFA0 /* Debug */ = {
			isa = XCBuildConfiguration;
			buildSettings = {
				BUNDLE_LOADER = "$(BUILT_PRODUCTS_DIR)/iphoneconsumer.app/iphoneconsumer";
				FRAMEWORK_SEARCH_PATHS = (
					"$(SDKROOT)/Developer/Library/Frameworks",
					"$(inherited)",
				);
				GCC_PREPROCESSOR_DEFINITIONS = (
					"DEBUG=1",
					"$(inherited)",
				);
				INFOPLIST_FILE = iphoneconsumerTests/Info.plist;
				LD_RUNPATH_SEARCH_PATHS = "$(inherited) @executable_path/Frameworks @loader_path/Frameworks";
				PRODUCT_NAME = "$(TARGET_NAME)";
				TEST_HOST = "$(BUNDLE_LOADER)";
			};
			name = Debug;
		};
		93A1132B1972CCE70003CFA0 /* Release */ = {
			isa = XCBuildConfiguration;
			buildSettings = {
				BUNDLE_LOADER = "$(BUILT_PRODUCTS_DIR)/iphoneconsumer.app/iphoneconsumer";
				FRAMEWORK_SEARCH_PATHS = (
					"$(SDKROOT)/Developer/Library/Frameworks",
					"$(inherited)",
				);
				INFOPLIST_FILE = iphoneconsumerTests/Info.plist;
				LD_RUNPATH_SEARCH_PATHS = "$(inherited) @executable_path/Frameworks @loader_path/Frameworks";
				PRODUCT_NAME = "$(TARGET_NAME)";
				TEST_HOST = "$(BUNDLE_LOADER)";
			};
			name = Release;
		};
/* End XCBuildConfiguration section */

/* Begin XCConfigurationList section */
		93A113051972CCE70003CFA0 /* Build configuration list for PBXProject "iphoneconsumer" */ = {
			isa = XCConfigurationList;
			buildConfigurations = (
				93A113241972CCE70003CFA0 /* Debug */,
				93A113251972CCE70003CFA0 /* Release */,
			);
			defaultConfigurationIsVisible = 0;
			defaultConfigurationName = Release;
		};
		93A113261972CCE70003CFA0 /* Build configuration list for PBXNativeTarget "iphoneconsumer" */ = {
			isa = XCConfigurationList;
			buildConfigurations = (
				93A113271972CCE70003CFA0 /* Debug */,
				93A113281972CCE70003CFA0 /* Release */,
			);
			defaultConfigurationIsVisible = 0;
		};
		93A113291972CCE70003CFA0 /* Build configuration list for PBXNativeTarget "iphoneconsumerTests" */ = {
			isa = XCConfigurationList;
			buildConfigurations = (
				93A1132A1972CCE70003CFA0 /* Debug */,
				93A1132B1972CCE70003CFA0 /* Release */,
			);
			defaultConfigurationIsVisible = 0;
		};
/* End XCConfigurationList section */
	};
	rootObject = 93A113021972CCE70003CFA0 /* Project object */;
}
